
Microsoft Visual Studio Solution File, Format Version 12.00
# Visual Studio Version 16
VisualStudioVersion = 16.0.30503.244
MinimumVisualStudioVersion = 10.0.40219.1
Project("{FAE04EC0-301F-11D3-BF4B-00C04F79EFBC}") = "QuantityMeasurement", "QuantityMeasurement\QuantityMeasurement.csproj", "{1FCD0F4A-13DF-40B8-BE67-A297DF2987E1}"
EndProject
Project("{FAE04EC0-301F-11D3-BF4B-00C04F79EFBC}") = "RepositoryLayer", "RepositoryLayer\RepositoryLayer.csproj", "{BCADFE35-9E6A-4795-9507-C3E349E8AB4F}"
EndProject
Project("{FAE04EC0-301F-11D3-BF4B-00C04F79EFBC}") = "ServiceLayer", "ServiceLayer\ServiceLayer.csproj", "{2E2EDA0E-EF05-4A21-9FF8-0320B1AB89E5}"
EndProject
Project("{FAE04EC0-301F-11D3-BF4B-00C04F79EFBC}") = "ModelLayer", "ModelLayer\ModelLayer.csproj", "{0768535D-C5A6-4753-9222-99B54CAF00D2}"
EndProject
Global
	GlobalSection(SolutionConfigurationPlatforms) = preSolution
		Debug|Any CPU = Debug|Any CPU
		Release|Any CPU = Release|Any CPU
	EndGlobalSection
	GlobalSection(ProjectConfigurationPlatforms) = postSolution
		{1FCD0F4A-13DF-40B8-BE67-A297DF2987E1}.Debug|Any CPU.ActiveCfg = Debug|Any CPU
		{1FCD0F4A-13DF-40B8-BE67-A297DF2987E1}.Debug|Any CPU.Build.0 = Debug|Any CPU
		{1FCD0F4A-13DF-40B8-BE67-A297DF2987E1}.Release|Any CPU.ActiveCfg = Release|Any CPU
		{1FCD0F4A-13DF-40B8-BE67-A297DF2987E1}.Release|Any CPU.Build.0 = Release|Any CPU
		{BCADFE35-9E6A-4795-9507-C3E349E8AB4F}.Debug|Any CPU.ActiveCfg = Debug|Any CPU
		{BCADFE35-9E6A-4795-9507-C3E349E8AB4F}.Debug|Any CPU.Build.0 = Debug|Any CPU
		{BCADFE35-9E6A-4795-9507-C3E349E8AB4F}.Release|Any CPU.ActiveCfg = Release|Any CPU
		{BCADFE35-9E6A-4795-9507-C3E349E8AB4F}.Release|Any CPU.Build.0 = Release|Any CPU
		{2E2EDA0E-EF05-4A21-9FF8-0320B1AB89E5}.Debug|Any CPU.ActiveCfg = Debug|Any CPU
		{2E2EDA0E-EF05-4A21-9FF8-0320B1AB89E5}.Debug|Any CPU.Build.0 = Debug|Any CPU
		{2E2EDA0E-EF05-4A21-9FF8-0320B1AB89E5}.Release|Any CPU.ActiveCfg = Release|Any CPU
		{2E2EDA0E-EF05-4A21-9FF8-0320B1AB89E5}.Release|Any CPU.Build.0 = Release|Any CPU
		{0768535D-C5A6-4753-9222-99B54CAF00D2}.Debug|Any CPU.ActiveCfg = Debug|Any CPU
		{0768535D-C5A6-4753-9222-99B54CAF00D2}.Debug|Any CPU.Build.0 = Debug|Any CPU
		{0768535D-C5A6-4753-9222-99B54CAF00D2}.Release|Any CPU.ActiveCfg = Release|Any CPU
		{0768535D-C5A6-4753-9222-99B54CAF00D2}.Release|Any CPU.Build.0 = Release|Any CPU
	EndGlobalSection
	GlobalSection(SolutionProperties) = preSolution
		HideSolutionNode = FALSE
	EndGlobalSection
	GlobalSection(ExtensibilityGlobals) = postSolution
		SolutionGuid = {E6B7D83D-C614-4036-A738-70CD6AEF7C8E}
	EndGlobalSection
EndGlobal
